Microsoft Visual Studio Solution File, Format Version 12.00
# Visual Studio Version 17
VisualStudioVersion = 17.5.2.0
MinimumVisualStudioVersion = 10.0.40219.1
Project("{FAE04EC0-301F-11D3-BF4B-00C04F79EFBC}") = "WinUIApp.WebAPI", "WinUIApp.WebAPI.csproj", "{15487561-0F5C-6102-432F-9E7AB5A5A0EF}"
EndProject
Global
	GlobalSection(SolutionConfigurationPlatforms) = preSolution
		Debug|Any CPU = Debug|Any CPU
		Release|Any CPU = Release|Any CPU
	EndGlobalSection
	GlobalSection(ProjectConfigurationPlatforms) = postSolution
		{15487561-0F5C-6102-432F-9E7AB5A5A0EF}.Debug|Any CPU.ActiveCfg = Debug|Any CPU
		{15487561-0F5C-6102-432F-9E7AB5A5A0EF}.Debug|Any CPU.Build.0 = Debug|Any CPU
		{15487561-0F5C-6102-432F-9E7AB5A5A0EF}.Release|Any CPU.ActiveCfg = Release|Any CPU
		{15487561-0F5C-6102-432F-9E7AB5A5A0EF}.Release|Any CPU.Build.0 = Release|Any CPU
	EndGlobalSection
	GlobalSection(SolutionProperties) = preSolution
		HideSolutionNode = FALSE
	EndGlobalSection
	GlobalSection(ExtensibilityGlobals) = postSolution
		SolutionGuid = {75C434F0-B89C-4B2E-9F04-2971EDA94B18}
	EndGlobalSection
EndGlobal
